Microsoft Visual Studio Solution File, Format Version 11.00
# Visual Studio 2008

Project("{08A436C4-2918-4FCC-3360-BB493F028861}") = "PeachButter", "Assembly-CSharp.csproj", "{C6460BF6-9E31-25AC-8C79-6453CDEEE45D}"
EndProject
Project("{08A436C4-2918-4FCC-3360-BB493F028861}") = "PeachButter", "Assembly-CSharp-Editor.csproj", "{2086B969-6730-3441-EE9A-847AB1C9F926}"
EndProject
Global
	GlobalSection(SolutionConfigurationPlatforms) = preSolution
		Debug|Any CPU = Debug|Any CPU
		Release|Any CPU = Release|Any CPU
	EndGlobalSection
	GlobalSection(ProjectConfigurationPlatforms) = postSolution
		{C6460BF6-9E31-25AC-8C79-6453CDEEE45D}.Debug|Any CPU.ActiveCfg = Debug|Any CPU
		{C6460BF6-9E31-25AC-8C79-6453CDEEE45D}.Debug|Any CPU.Build.0 = Debug|Any CPU
		{C6460BF6-9E31-25AC-8C79-6453CDEEE45D}.Release|Any CPU.ActiveCfg = Release|Any CPU
		{C6460BF6-9E31-25AC-8C79-6453CDEEE45D}.Release|Any CPU.Build.0 = Release|Any CPU
		{2086B969-6730-3441-EE9A-847AB1C9F926}.Debug|Any CPU.ActiveCfg = Debug|Any CPU
		{2086B969-6730-3441-EE9A-847AB1C9F926}.Debug|Any CPU.Build.0 = Debug|Any CPU
		{2086B969-6730-3441-EE9A-847AB1C9F926}.Release|Any CPU.ActiveCfg = Release|Any CPU
		{2086B969-6730-3441-EE9A-847AB1C9F926}.Release|Any CPU.Build.0 = Release|Any CPU
	EndGlobalSection
	GlobalSection(SolutionProperties) = preSolution
		HideSolutionNode = FALSE
	EndGlobalSection
	GlobalSection(MonoDevelopProperties) = preSolution
		StartupItem = Assembly-CSharp.csproj
	EndGlobalSection
EndGlobal
